
Microsoft Visual Studio Solution File, Format Version 12.00
Project("{FAE04EC0-301F-11D3-BF4B-00C04F79EFBC}") = "Day1", "Day1\Day1.csproj", "{0FE2ACDE-C2A1-42CA-BD8C-869C9D5EB037}"
EndProject
Project("{FAE04EC0-301F-11D3-BF4B-00C04F79EFBC}") = "Day1Tests", "Day1Tests\Day1Tests.csproj", "{2004B8DC-444E-4731-9882-2D68B7D8CB52}"
EndProject
Project("{FAE04EC0-301F-11D3-BF4B-00C04F79EFBC}") = "Day2", "Day2\Day2.csproj", "{119B71C5-9258-4009-96FC-7AEF9BEA6998}"
EndProject
Project("{FAE04EC0-301F-11D3-BF4B-00C04F79EFBC}") = "Day2Tests", "Day2Tests\Day2Tests.csproj", "{7EE1313B-8A09-4E8B-AF3F-52E9D06E6B6F}"
EndProject
Project("{2150E333-8FDC-42A3-9474-1A3956D46DE8}") = "Day1", "Day1", "{6374E4A1-01BF-46E8-AFD8-344A1F94E384}"
EndProject
Project("{2150E333-8FDC-42A3-9474-1A3956D46DE8}") = "Day2", "Day2", "{745712F7-939E-4380-940F-379C7D5A751C}"
EndProject
Project("{2150E333-8FDC-42A3-9474-1A3956D46DE8}") = "Day3", "Day3", "{B29F487D-92BE-45B2-A988-22C7958DA7BB}"
EndProject
Project("{FAE04EC0-301F-11D3-BF4B-00C04F79EFBC}") = "Day3Tests", "Day3Tests\Day3Tests.csproj", "{2481D11D-0CAD-4C40-BF34-84FF00493C6C}"
EndProject
Project("{FAE04EC0-301F-11D3-BF4B-00C04F79EFBC}") = "Day3", "Day3\Day3.csproj", "{78A7B67A-1DCF-489F-A73B-993087DB1C30}"
EndProject
Global
	GlobalSection(SolutionConfigurationPlatforms) = preSolution
		Debug|Any CPU = Debug|Any CPU
		Release|Any CPU = Release|Any CPU
	EndGlobalSection
	GlobalSection(ProjectConfigurationPlatforms) = postSolution
		{0FE2ACDE-C2A1-42CA-BD8C-869C9D5EB037}.Debug|Any CPU.ActiveCfg = Debug|Any CPU
		{0FE2ACDE-C2A1-42CA-BD8C-869C9D5EB037}.Debug|Any CPU.Build.0 = Debug|Any CPU
		{0FE2ACDE-C2A1-42CA-BD8C-869C9D5EB037}.Release|Any CPU.ActiveCfg = Release|Any CPU
		{0FE2ACDE-C2A1-42CA-BD8C-869C9D5EB037}.Release|Any CPU.Build.0 = Release|Any CPU
		{2004B8DC-444E-4731-9882-2D68B7D8CB52}.Debug|Any CPU.ActiveCfg = Debug|Any CPU
		{2004B8DC-444E-4731-9882-2D68B7D8CB52}.Debug|Any CPU.Build.0 = Debug|Any CPU
		{2004B8DC-444E-4731-9882-2D68B7D8CB52}.Release|Any CPU.ActiveCfg = Release|Any CPU
		{2004B8DC-444E-4731-9882-2D68B7D8CB52}.Release|Any CPU.Build.0 = Release|Any CPU
		{119B71C5-9258-4009-96FC-7AEF9BEA6998}.Debug|Any CPU.ActiveCfg = Debug|Any CPU
		{119B71C5-9258-4009-96FC-7AEF9BEA6998}.Debug|Any CPU.Build.0 = Debug|Any CPU
		{119B71C5-9258-4009-96FC-7AEF9BEA6998}.Release|Any CPU.ActiveCfg = Release|Any CPU
		{119B71C5-9258-4009-96FC-7AEF9BEA6998}.Release|Any CPU.Build.0 = Release|Any CPU
		{7EE1313B-8A09-4E8B-AF3F-52E9D06E6B6F}.Debug|Any CPU.ActiveCfg = Debug|Any CPU
		{7EE1313B-8A09-4E8B-AF3F-52E9D06E6B6F}.Debug|Any CPU.Build.0 = Debug|Any CPU
		{7EE1313B-8A09-4E8B-AF3F-52E9D06E6B6F}.Release|Any CPU.ActiveCfg = Release|Any CPU
		{7EE1313B-8A09-4E8B-AF3F-52E9D06E6B6F}.Release|Any CPU.Build.0 = Release|Any CPU
		{2481D11D-0CAD-4C40-BF34-84FF00493C6C}.Debug|Any CPU.ActiveCfg = Debug|Any CPU
		{2481D11D-0CAD-4C40-BF34-84FF00493C6C}.Debug|Any CPU.Build.0 = Debug|Any CPU
		{2481D11D-0CAD-4C40-BF34-84FF00493C6C}.Release|Any CPU.ActiveCfg = Release|Any CPU
		{2481D11D-0CAD-4C40-BF34-84FF00493C6C}.Release|Any CPU.Build.0 = Release|Any CPU
		{78A7B67A-1DCF-489F-A73B-993087DB1C30}.Debug|Any CPU.ActiveCfg = Debug|Any CPU
		{78A7B67A-1DCF-489F-A73B-993087DB1C30}.Debug|Any CPU.Build.0 = Debug|Any CPU
		{78A7B67A-1DCF-489F-A73B-993087DB1C30}.Release|Any CPU.ActiveCfg = Release|Any CPU
		{78A7B67A-1DCF-489F-A73B-993087DB1C30}.Release|Any CPU.Build.0 = Release|Any CPU
	EndGlobalSection
	GlobalSection(NestedProjects) = preSolution
		{0FE2ACDE-C2A1-42CA-BD8C-869C9D5EB037} = {6374E4A1-01BF-46E8-AFD8-344A1F94E384}
		{2004B8DC-444E-4731-9882-2D68B7D8CB52} = {6374E4A1-01BF-46E8-AFD8-344A1F94E384}
		{119B71C5-9258-4009-96FC-7AEF9BEA6998} = {745712F7-939E-4380-940F-379C7D5A751C}
		{7EE1313B-8A09-4E8B-AF3F-52E9D06E6B6F} = {745712F7-939E-4380-940F-379C7D5A751C}
		{2481D11D-0CAD-4C40-BF34-84FF00493C6C} = {B29F487D-92BE-45B2-A988-22C7958DA7BB}
		{78A7B67A-1DCF-489F-A73B-993087DB1C30} = {B29F487D-92BE-45B2-A988-22C7958DA7BB}
	EndGlobalSection
EndGlobal
